
Microsoft Visual Studio Solution File, Format Version 12.00
# Visual Studio Version 16
VisualStudioVersion = 16.0.32901.82
MinimumVisualStudioVersion = 10.0.40219.1
Project("{FAE04EC0-301F-11D3-BF4B-00C04F79EFBC}") = "Task_1_FirstStep", "Task_1_FirstStep\Task_1_FirstStep.csproj", "{1CFBD85E-833C-4644-9503-0957D1CA3174}"
EndProject
Project("{FAE04EC0-301F-11D3-BF4B-00C04F79EFBC}") = "Task_2_InvalidDataType", "Task_2_InvalidDataType\Task_2_InvalidDataType.csproj", "{564532FD-BD3F-460B-BAF9-EF400A1B0193}"
EndProject
Project("{FAE04EC0-301F-11D3-BF4B-00C04F79EFBC}") = "Task_3_TypeConversionErrors", "Task_3_TypeConversionErrors\Task_3_TypeConversionErrors.csproj", "{C30C1F8E-CE81-4BFF-93B7-6687CACD232D}"
EndProject
Project("{FAE04EC0-301F-11D3-BF4B-00C04F79EFBC}") = "Task_4_BitcoinsToTheMasses", "Task_4_BitcoinsToTheMasses\Task_4_BitcoinsToTheMasses.csproj", "{5DC59A42-923A-424C-91F4-5F88A93E6E16}"
EndProject
Project("{FAE04EC0-301F-11D3-BF4B-00C04F79EFBC}") = "Task_5_ConvertingStringToNumber", "Task_5_ConvertingStringToNumber\Task_5_ConvertingStringToNumber.csproj", "{0138A624-C91E-40BE-A652-3373BF04A3BA}"
EndProject
Project("{FAE04EC0-301F-11D3-BF4B-00C04F79EFBC}") = "Task_6_UsingVar", "Task_6_UsingVar\Task_6_UsingVar.csproj", "{9076252F-B1E7-403F-A383-A42049E85C1A}"
EndProject
Project("{FAE04EC0-301F-11D3-BF4B-00C04F79EFBC}") = "Task_7_KindEmployer", "Task_7_KindEmployer\Task_7_KindEmployer.csproj", "{2280935F-B8DC-47B6-81DC-BA16533D2E73}"
EndProject
Project("{FAE04EC0-301F-11D3-BF4B-00C04F79EFBC}") = "Task_8_TheMainQuestionOfTheUniverse", "Task_8_TheMainQuestionOfTheUniverse\Task_8_TheMainQuestionOfTheUniverse.csproj", "{38EA3C5C-7F93-4510-A305-8A43D82590FB}"
EndProject
Project("{FAE04EC0-301F-11D3-BF4B-00C04F79EFBC}") = "Task_9_MethodsAreBeingSought", "Task_9_MethodsAreBeingSought\Task_9_MethodsAreBeingSought.csproj", "{A80207E1-0417-493A-8370-12125E3EB80F}"
EndProject
Global
	GlobalSection(SolutionConfigurationPlatforms) = preSolution
		Debug|Any CPU = Debug|Any CPU
		Release|Any CPU = Release|Any CPU
	EndGlobalSection
	GlobalSection(ProjectConfigurationPlatforms) = postSolution
		{1CFBD85E-833C-4644-9503-0957D1CA3174}.Debug|Any CPU.ActiveCfg = Debug|Any CPU
		{1CFBD85E-833C-4644-9503-0957D1CA3174}.Debug|Any CPU.Build.0 = Debug|Any CPU
		{1CFBD85E-833C-4644-9503-0957D1CA3174}.Release|Any CPU.ActiveCfg = Release|Any CPU
		{1CFBD85E-833C-4644-9503-0957D1CA3174}.Release|Any CPU.Build.0 = Release|Any CPU
		{564532FD-BD3F-460B-BAF9-EF400A1B0193}.Debug|Any CPU.ActiveCfg = Debug|Any CPU
		{564532FD-BD3F-460B-BAF9-EF400A1B0193}.Debug|Any CPU.Build.0 = Debug|Any CPU
		{564532FD-BD3F-460B-BAF9-EF400A1B0193}.Release|Any CPU.ActiveCfg = Release|Any CPU
		{564532FD-BD3F-460B-BAF9-EF400A1B0193}.Release|Any CPU.Build.0 = Release|Any CPU
		{C30C1F8E-CE81-4BFF-93B7-6687CACD232D}.Debug|Any CPU.ActiveCfg = Debug|Any CPU
		{C30C1F8E-CE81-4BFF-93B7-6687CACD232D}.Debug|Any CPU.Build.0 = Debug|Any CPU
		{C30C1F8E-CE81-4BFF-93B7-6687CACD232D}.Release|Any CPU.ActiveCfg = Release|Any CPU
		{C30C1F8E-CE81-4BFF-93B7-6687CACD232D}.Release|Any CPU.Build.0 = Release|Any CPU
		{5DC59A42-923A-424C-91F4-5F88A93E6E16}.Debug|Any CPU.ActiveCfg = Debug|Any CPU
		{5DC59A42-923A-424C-91F4-5F88A93E6E16}.Debug|Any CPU.Build.0 = Debug|Any CPU
		{5DC59A42-923A-424C-91F4-5F88A93E6E16}.Release|Any CPU.ActiveCfg = Release|Any CPU
		{5DC59A42-923A-424C-91F4-5F88A93E6E16}.Release|Any CPU.Build.0 = Release|Any CPU
		{0138A624-C91E-40BE-A652-3373BF04A3BA}.Debug|Any CPU.ActiveCfg = Debug|Any CPU
		{0138A624-C91E-40BE-A652-3373BF04A3BA}.Debug|Any CPU.Build.0 = Debug|Any CPU
		{0138A624-C91E-40BE-A652-3373BF04A3BA}.Release|Any CPU.ActiveCfg = Release|Any CPU
		{0138A624-C91E-40BE-A652-3373BF04A3BA}.Release|Any CPU.Build.0 = Release|Any CPU
		{9076252F-B1E7-403F-A383-A42049E85C1A}.Debug|Any CPU.ActiveCfg = Debug|Any CPU
		{9076252F-B1E7-403F-A383-A42049E85C1A}.Debug|Any CPU.Build.0 = Debug|Any CPU
		{9076252F-B1E7-403F-A383-A42049E85C1A}.Release|Any CPU.ActiveCfg = Release|Any CPU
		{9076252F-B1E7-403F-A383-A42049E85C1A}.Release|Any CPU.Build.0 = Release|Any CPU
		{2280935F-B8DC-47B6-81DC-BA16533D2E73}.Debug|Any CPU.ActiveCfg = Debug|Any CPU
		{2280935F-B8DC-47B6-81DC-BA16533D2E73}.Debug|Any CPU.Build.0 = Debug|Any CPU
		{2280935F-B8DC-47B6-81DC-BA16533D2E73}.Release|Any CPU.ActiveCfg = Release|Any CPU
		{2280935F-B8DC-47B6-81DC-BA16533D2E73}.Release|Any CPU.Build.0 = Release|Any CPU
		{38EA3C5C-7F93-4510-A305-8A43D82590FB}.Debug|Any CPU.ActiveCfg = Debug|Any CPU
		{38EA3C5C-7F93-4510-A305-8A43D82590FB}.Debug|Any CPU.Build.0 = Debug|Any CPU
		{38EA3C5C-7F93-4510-A305-8A43D82590FB}.Release|Any CPU.ActiveCfg = Release|Any CPU
		{38EA3C5C-7F93-4510-A305-8A43D82590FB}.Release|Any CPU.Build.0 = Release|Any CPU
		{A80207E1-0417-493A-8370-12125E3EB80F}.Debug|Any CPU.ActiveCfg = Debug|Any CPU
		{A80207E1-0417-493A-8370-12125E3EB80F}.Debug|Any CPU.Build.0 = Debug|Any CPU
		{A80207E1-0417-493A-8370-12125E3EB80F}.Release|Any CPU.ActiveCfg = Release|Any CPU
		{A80207E1-0417-493A-8370-12125E3EB80F}.Release|Any CPU.Build.0 = Release|Any CPU
	EndGlobalSection
	GlobalSection(SolutionProperties) = preSolution
		HideSolutionNode = FALSE
	EndGlobalSection
	GlobalSection(ExtensibilityGlobals) = postSolution
		SolutionGuid = {E91B606D-84BA-4792-AB5D-25CA8BA46B37}
	EndGlobalSection
EndGlobal
